[[package]]
name = "contract_libs"
source = "path+from-root-C51933E0BA44B36F"
dependencies = [
    "contract_schema",
    "std",
    "upgradability",
]

[[package]]
name = "contract_schema"
source = "path+from-root-C51933E0BA44B36F"
dependencies = ["std"]

[[package]]
name = "order-book"
source = "member"
dependencies = [
    "contract_libs",
    "contract_schema",
    "ownership",
    "pausable",
    "src5 registry+src5?0.8.1#QmcUKCMFWYYpGzqSxZFn3d97MhQ9RAiEMoQGWjVE2AmMFN!",
    "std",
]

[[package]]
name = "ownership"
version = "0.26.1"
source = "registry+ownership?0.26.1#QmcmRuXsD2ZaE74nZ5vGxc1QhYJhjQKMwho6ZfkYt1cs6Q!"
dependencies = [
    "src5 registry+src5?0.8.0#QmNRPZrPHFBiEAyWPU8gesdPsD2zb3cMKwEgxJwV1ZEjyD!",
    "std",
]

[[package]]
name = "pausable"
version = "0.26.2"
source = "registry+pausable?0.26.2#Qme4sGzgj4vrq1jY3jQhzph4EEVZxjwUj3mXGWwgCgiTR8!"
dependencies = ["std"]

[[package]]
name = "src14"
version = "0.8.0"
source = "registry+src14?0.8.0#QmQduNaJgjotgw2tz5KLv18PckFZP6zLH3Wzk7mqLfwgcu!"
dependencies = [
    "src5 registry+src5?0.8.0#QmNRPZrPHFBiEAyWPU8gesdPsD2zb3cMKwEgxJwV1ZEjyD!",
    "std",
]

[[package]]
name = "src5"
version = "0.8.0"
source = "registry+src5?0.8.0#QmNRPZrPHFBiEAyWPU8gesdPsD2zb3cMKwEgxJwV1ZEjyD!"
dependencies = ["std"]

[[package]]
name = "src5"
version = "0.8.1"
source = "registry+src5?0.8.1#QmcUKCMFWYYpGzqSxZFn3d97MhQ9RAiEMoQGWjVE2AmMFN!"
dependencies = ["std"]

[[package]]
name = "std"
version = "0.70.1"
source = "registry+std?0.70.1#QmU7w9Aqa6jvQcj72HS8uqfFk3ieiC74WsZGaRfUrW1u41!"

[[package]]
name = "upgradability"
version = "0.26.0"
source = "registry+upgradability?0.26.0#QmQBf8VPWtYKBM1t5udMovfbaq8j98mq35yLADqrZxsgjo!"
dependencies = [
    "src14",
    "src5 registry+src5?0.8.0#QmNRPZrPHFBiEAyWPU8gesdPsD2zb3cMKwEgxJwV1ZEjyD!",
    "std",
]
